
Microsoft Visual Studio Solution File, Format Version 12.00
# Visual Studio Version 17
VisualStudioVersion = 17.3.32819.101
MinimumVisualStudioVersion = 10.0.40219.1
Project("{FAE04EC0-301F-11D3-BF4B-00C04F79EFBC}") = "M320", "M320.csproj", "{411FB367-BF8B-46B1-91CC-D1103510BF18}"
EndProject
Global
	GlobalSection(SolutionConfigurationPlatforms) = preSolution
		Debug|Any CPU = Debug|Any CPU
		Release|Any CPU = Release|Any CPU
	EndGlobalSection
	GlobalSection(ProjectConfigurationPlatforms) = postSolution
		{411FB367-BF8B-46B1-91CC-D1103510BF18}.Debug|Any CPU.ActiveCfg = Debug|Any CPU
		{411FB367-BF8B-46B1-91CC-D1103510BF18}.Debug|Any CPU.Build.0 = Debug|Any CPU
		{411FB367-BF8B-46B1-91CC-D1103510BF18}.Release|Any CPU.ActiveCfg = Release|Any CPU
		{411FB367-BF8B-46B1-91CC-D1103510BF18}.Release|Any CPU.Build.0 = Release|Any CPU
	EndGlobalSection
	GlobalSection(SolutionProperties) = preSolution
		HideSolutionNode = FALSE
	EndGlobalSection
	GlobalSection(ExtensibilityGlobals) = postSolution
		SolutionGuid = {9DE17250-F8F3-4BBA-93E1-DFC21A4BA17A}
	EndGlobalSection
EndGlobal
